// !$*UTF8*$!
{
	archiveVersion = 1;
	classes = {
	};
	objectVersion = 46;
	objects = {

/* Begin PBXBuildFile section */
		0B0D76E77957B0B657F2D82F /* libPods-Anniversary.a in Frameworks */ = {isa = PBXBuildFile; fileRef = FB53C11A9894F739894CD0B3 /* libPods-Anniversary.a */; };
		47009A471F618CA4007206C3 /* AIQAlbumBrowser.m in Sources */ = {isa = PBXBuildFile; fileRef = 47009A461F618CA4007206C3 /* AIQAlbumBrowser.m */; };
		AA2941491F6298EC00A2378E /* AIQBaseModel.m in Sources */ = {isa = PBXBuildFile; fileRef = AA2941481F6298EC00A2378E /* AIQBaseModel.m */; };
		AA29414F1F629E8500A2378E /* UIViewController+Extension.m in Sources */ = {isa = PBXBuildFile; fileRef = AA29414E1F629E8500A2378E /* UIViewController+Extension.m */; };
		AA6981761F5803E000BCF551 /* main.m in Sources */ = {isa = PBXBuildFile; fileRef = AA6981751F5803E000BCF551 /* main.m */; };
		AA6981791F5803E000BCF551 /* AIQAppDelegate.m in Sources */ = {isa = PBXBuildFile; fileRef = AA6981781F5803E000BCF551 /* AIQAppDelegate.m */; };
		AA69817F1F5803E000BCF551 /* Main.storyboard in Resources */ = {isa = PBXBuildFile; fileRef = AA69817D1F5803E000BCF551 /* Main.storyboard */; };
		AA6981811F5803E000BCF551 /* Assets.xcassets in Resources */ = {isa = PBXBuildFile; fileRef = AA6981801F5803E000BCF551 /* Assets.xcassets */; };
		AA6981841F5803E000BCF551 /* LaunchScreen.storyboard in Resources */ = {isa = PBXBuildFile; fileRef = AA6981821F5803E000BCF551 /* LaunchScreen.storyboard */; };
		AA6981921F580E1A00BCF551 /* AIQBasicViewController.m in Sources */ = {isa = PBXBuildFile; fileRef = AA6981911F580E1A00BCF551 /* AIQBasicViewController.m */; };
		AA6981951F580E5300BCF551 /* AIQBasicNavigationController.m in Sources */ = {isa = PBXBuildFile; fileRef = AA6981941F580E5300BCF551 /* AIQBasicNavigationController.m */; };
		AA6981A91F5815CF00BCF551 /* UIColor+Extension.m in Sources */ = {isa = PBXBuildFile; fileRef = AA6981A81F5815CF00BCF551 /* UIColor+Extension.m */; };
		AA6981B61F58188B00BCF551 /* NSData+Extension.m in Sources */ = {isa = PBXBuildFile; fileRef = AA6981B51F58188B00BCF551 /* NSData+Extension.m */; };
		AA6981BB1F581A9F00BCF551 /* NSNumber+Extension.m in Sources */ = {isa = PBXBuildFile; fileRef = AA6981B81F581A9F00BCF551 /* NSNumber+Extension.m */; };
		AA6981BC1F581A9F00BCF551 /* NSString+Extension.m in Sources */ = {isa = PBXBuildFile; fileRef = AA6981BA1F581A9F00BCF551 /* NSString+Extension.m */; };
		AA6981C21F58F79D00BCF551 /* AIQImageLoader.m in Sources */ = {isa = PBXBuildFile; fileRef = AA6981C11F58F79D00BCF551 /* AIQImageLoader.m */; };
		AA6981C51F590E3500BCF551 /* AIQTabBarController.m in Sources */ = {isa = PBXBuildFile; fileRef = AA6981C41F590E3500BCF551 /* AIQTabBarController.m */; };
		AA6981C81F59116400BCF551 /* AIQSQLService.m in Sources */ = {isa = PBXBuildFile; fileRef = AA6981C71F59116400BCF551 /* AIQSQLService.m */; };
		AA6981D31F5921FB00BCF551 /* UIImage+Extension.m in Sources */ = {isa = PBXBuildFile; fileRef = AA6981D21F5921FB00BCF551 /* UIImage+Extension.m */; };
		AA6981D71F59234100BCF551 /* CGUtilities.m in Sources */ = {isa = PBXBuildFile; fileRef = AA6981D61F59234100BCF551 /* CGUtilities.m */; };
		AA6981DA1F59359D00BCF551 /* AIQAlbumsService.m in Sources */ = {isa = PBXBuildFile; fileRef = AA6981D91F59359D00BCF551 /* AIQAlbumsService.m */; };
		AA6981E01F5937DA00BCF551 /* AIQConstants.m in Sources */ = {isa = PBXBuildFile; fileRef = AA6981DF1F5937DA00BCF551 /* AIQConstants.m */; };
		AA6981E41F594F1E00BCF551 /* AIQPhoto.m in Sources */ = {isa = PBXBuildFile; fileRef = AA6981E31F594F1E00BCF551 /* AIQPhoto.m */; };
		AA6981FE1F595CD800BCF551 /* MWCaptionView.m in Sources */ = {isa = PBXBuildFile; fileRef = AA6981EA1F595CD800BCF551 /* MWCaptionView.m */; };
		AA6981FF1F595CD800BCF551 /* MWGridCell.m in Sources */ = {isa = PBXBuildFile; fileRef = AA6981ED1F595CD800BCF551 /* MWGridCell.m */; };
		AA6982001F595CD800BCF551 /* MWGridViewController.m in Sources */ = {isa = PBXBuildFile; fileRef = AA6981EF1F595CD800BCF551 /* MWGridViewController.m */; };
		AA6982011F595CD800BCF551 /* MWPhoto.m in Sources */ = {isa = PBXBuildFile; fileRef = AA6981F11F595CD800BCF551 /* MWPhoto.m */; };
		AA6982021F595CD800BCF551 /* MWPhotoBrowser.m in Sources */ = {isa = PBXBuildFile; fileRef = AA6981F31F595CD800BCF551 /* MWPhotoBrowser.m */; };
		AA6982031F595CD800BCF551 /* MWTapDetectingImageView.m in Sources */ = {isa = PBXBuildFile; fileRef = AA6981F71F595CD800BCF551 /* MWTapDetectingImageView.m */; };
		AA6982041F595CD800BCF551 /* MWTapDetectingView.m in Sources */ = {isa = PBXBuildFile; fileRef = AA6981F91F595CD800BCF551 /* MWTapDetectingView.m */; };
		AA6982051F595CD800BCF551 /* MWZoomingScrollView.m in Sources */ = {isa = PBXBuildFile; fileRef = AA6981FB1F595CD800BCF551 /* MWZoomingScrollView.m */; };
		AA6982061F595CD800BCF551 /* UIImage+MWPhotoBrowser.m in Sources */ = {isa = PBXBuildFile; fileRef = AA6981FD1F595CD800BCF551 /* UIImage+MWPhotoBrowser.m */; };
		AA6982121F5CF23000BCF551 /* AIQAlbumController.m in Sources */ = {isa = PBXBuildFile; fileRef = AA6982111F5CF23000BCF551 /* AIQAlbumController.m */; };
		AA6982151F5CF40300BCF551 /* AIQTableViewController.m in Sources */ = {isa = PBXBuildFile; fileRef = AA6982141F5CF40300BCF551 /* AIQTableViewController.m */; };
		AA6982181F5CF41B00BCF551 /* AIQCollectionViewController.m in Sources */ = {isa = PBXBuildFile; fileRef = AA6982171F5CF41B00BCF551 /* AIQCollectionViewController.m */; };
		AA69821C1F5CF48D00BCF551 /* AIQTableView.m in Sources */ = {isa = PBXBuildFile; fileRef = AA69821B1F5CF48D00BCF551 /* AIQTableView.m */; };
		AA69821F1F5CF4A300BCF551 /* AIQCollectionView.m in Sources */ = {isa = PBXBuildFile; fileRef = AA69821E1F5CF4A300BCF551 /* AIQCollectionView.m */; };
		AA6982221F5CF56000BCF551 /* AIQTableViewCell.m in Sources */ = {isa = PBXBuildFile; fileRef = AA6982211F5CF56000BCF551 /* AIQTableViewCell.m */; };
		AA6982251F5D05C900BCF551 /* AIQCollectionViewCell.m in Sources */ = {isa = PBXBuildFile; fileRef = AA6982241F5D05C900BCF551 /* AIQCollectionViewCell.m */; };
		AA6982281F5D3BD900BCF551 /* AIQAlbumViewModel.m in Sources */ = {isa = PBXBuildFile; fileRef = AA6982271F5D3BD900BCF551 /* AIQAlbumViewModel.m */; };
		AA69822B1F5D49E000BCF551 /* AIQPhotoThumbnailCell.m in Sources */ = {isa = PBXBuildFile; fileRef = AA69822A1F5D49E000BCF551 /* AIQPhotoThumbnailCell.m */; };
		AA69822E1F5D519800BCF551 /* AIQAlbumSelectView.m in Sources */ = {isa = PBXBuildFile; fileRef = AA69822D1F5D519800BCF551 /* AIQAlbumSelectView.m */; };
		AA6982311F5D548400BCF551 /* AIQAlbum.m in Sources */ = {isa = PBXBuildFile; fileRef = AA6982301F5D548400BCF551 /* AIQAlbum.m */; };
		AA6982341F60F76F00BCF551 /* UIFont+Extension.m in Sources */ = {isa = PBXBuildFile; fileRef = AA6982331F60F76F00BCF551 /* UIFont+Extension.m */; };
		AA6982371F61275F00BCF551 /* AIQUIFactory.m in Sources */ = {isa = PBXBuildFile; fileRef = AA6982361F61275F00BCF551 /* AIQUIFactory.m */; };
		AA69823A1F613BA900BCF551 /* AIQNetWorkSatusManager.m in Sources */ = {isa = PBXBuildFile; fileRef = AA6982391F613BA900BCF551 /* AIQNetWorkSatusManager.m */; };
		AA69823D1F614D6500BCF551 /* AIQAppManager.m in Sources */ = {isa = PBXBuildFile; fileRef = AA69823C1F614D6500BCF551 /* AIQAppManager.m */; };
/* End PBXBuildFile section */

/* Begin PBXFileReference section */
		47009A451F618CA4007206C3 /* AIQAlbumBrowser.h */ = {isa = PBXFileReference; fileEncoding = 4; lastKnownFileType = sourcecode.c.h; path = AIQAlbumBrowser.h; sourceTree = "<group>"; };
		47009A461F618CA4007206C3 /* AIQAlbumBrowser.m */ = {isa = PBXFileReference; fileEncoding = 4; lastKnownFileType = sourcecode.c.objc; path = AIQAlbumBrowser.m; sourceTree = "<group>"; };
		47009A481F619537007206C3 /* AIQAlbumBrowserProtocol.h */ = {isa = PBXFileReference; fileEncoding = 4; lastKnownFileType = sourcecode.c.h; path = AIQAlbumBrowserProtocol.h; sourceTree = "<group>"; };
		AA2941471F6298EC00A2378E /* AIQBaseModel.h */ = {isa = PBXFileReference; fileEncoding = 4; lastKnownFileType = sourcecode.c.h; path = AIQBaseModel.h; sourceTree = "<group>"; };
		AA2941481F6298EC00A2378E /* AIQBaseModel.m */ = {isa = PBXFileReference; fileEncoding = 4; lastKnownFileType = sourcecode.c.objc; path = AIQBaseModel.m; sourceTree = "<group>"; };
		AA29414D1F629E8500A2378E /* UIViewController+Extension.h */ = {isa = PBXFileReference; fileEncoding = 4; lastKnownFileType = sourcecode.c.h; path = "UIViewController+Extension.h"; sourceTree = "<group>"; };
		AA29414E1F629E8500A2378E /* UIViewController+Extension.m */ = {isa = PBXFileReference; fileEncoding = 4; lastKnownFileType = sourcecode.c.objc; path = "UIViewController+Extension.m"; sourceTree = "<group>"; };
		AA6981711F5803E000BCF551 /* Anniversary.app */ = {isa = PBXFileReference; explicitFileType = wrapper.application; includeInIndex = 0; path = Anniversary.app; sourceTree = BUILT_PRODUCTS_DIR; };
		AA6981751F5803E000BCF551 /* main.m */ = {isa = PBXFileReference; lastKnownFileType = sourcecode.c.objc; path = main.m; sourceTree = "<group>"; };
		AA6981771F5803E000BCF551 /* AIQAppDelegate.h */ = {isa = PBXFileReference; lastKnownFileType = sourcecode.c.h; path = AIQAppDelegate.h; sourceTree = "<group>"; };
		AA6981781F5803E000BCF551 /* AIQAppDelegate.m */ = {isa = PBXFileReference; lastKnownFileType = sourcecode.c.objc; path = AIQAppDelegate.m; sourceTree = "<group>"; };
		AA69817E1F5803E000BCF551 /* Base */ = {isa = PBXFileReference; lastKnownFileType = file.storyboard; name = Base; path = Base.lproj/Main.storyboard; sourceTree = "<group>"; };
		AA6981801F5803E000BCF551 /* Assets.xcassets */ = {isa = PBXFileReference; lastKnownFileType = folder.assetcatalog; path = Assets.xcassets; sourceTree = "<group>"; };
		AA6981831F5803E000BCF551 /* Base */ = {isa = PBXFileReference; lastKnownFileType = file.storyboard; name = Base; path = Base.lproj/LaunchScreen.storyboard; sourceTree = "<group>"; };
		AA6981851F5803E000BCF551 /* Info.plist */ = {isa = PBXFileReference; lastKnownFileType = text.plist.xml; path = Info.plist; sourceTree = "<group>"; };
		AA6981901F580E1A00BCF551 /* AIQBasicViewController.h */ = {isa = PBXFileReference; fileEncoding = 4; lastKnownFileType = sourcecode.c.h; path = AIQBasicViewController.h; sourceTree = "<group>"; };
		AA6981911F580E1A00BCF551 /* AIQBasicViewController.m */ = {isa = PBXFileReference; fileEncoding = 4; lastKnownFileType = sourcecode.c.objc; path = AIQBasicViewController.m; sourceTree = "<group>"; };
		AA6981931F580E5300BCF551 /* AIQBasicNavigationController.h */ = {isa = PBXFileReference; fileEncoding = 4; lastKnownFileType = sourcecode.c.h; path = AIQBasicNavigationController.h; sourceTree = "<group>"; };
		AA6981941F580E5300BCF551 /* AIQBasicNavigationController.m */ = {isa = PBXFileReference; fileEncoding = 4; lastKnownFileType = sourcecode.c.objc; path = AIQBasicNavigationController.m; sourceTree = "<group>"; };
		AA6981A21F58123700BCF551 /* Anniversary-PrefixHeader.pch */ = {isa = PBXFileReference; lastKnownFileType = sourcecode.c.h; path = "Anniversary-PrefixHeader.pch"; sourceTree = "<group>"; };
		AA6981A31F5812AE00BCF551 /* UIMacro.h */ = {isa = PBXFileReference; lastKnownFileType = sourcecode.c.h; path = UIMacro.h; sourceTree = "<group>"; };
		AA6981A41F5814AB00BCF551 /* AIQMacro.h */ = {isa = PBXFileReference; lastKnownFileType = sourcecode.c.h; path = AIQMacro.h; sourceTree = "<group>"; };
		AA6981A71F5815CF00BCF551 /* UIColor+Extension.h */ = {isa = PBXFileReference; fileEncoding = 4; lastKnownFileType = sourcecode.c.h; path = "UIColor+Extension.h"; sourceTree = "<group>"; };
		AA6981A81F5815CF00BCF551 /* UIColor+Extension.m */ = {isa = PBXFileReference; fileEncoding = 4; lastKnownFileType = sourcecode.c.objc; path = "UIColor+Extension.m"; sourceTree = "<group>"; };
		AA6981B41F58188B00BCF551 /* NSData+Extension.h */ = {isa = PBXFileReference; fileEncoding = 4; lastKnownFileType = sourcecode.c.h; path = "NSData+Extension.h"; sourceTree = "<group>"; };
		AA6981B51F58188B00BCF551 /* NSData+Extension.m */ = {isa = PBXFileReference; fileEncoding = 4; lastKnownFileType = sourcecode.c.objc; path = "NSData+Extension.m"; sourceTree = "<group>"; };
		AA6981B71F581A9F00BCF551 /* NSNumber+Extension.h */ = {isa = PBXFileReference; fileEncoding = 4; lastKnownFileType = sourcecode.c.h; path = "NSNumber+Extension.h"; sourceTree = "<group>"; };
		AA6981B81F581A9F00BCF551 /* NSNumber+Extension.m */ = {isa = PBXFileReference; fileEncoding = 4; lastKnownFileType = sourcecode.c.objc; path = "NSNumber+Extension.m"; sourceTree = "<group>"; };
		AA6981B91F581A9F00BCF551 /* NSString+Extension.h */ = {isa = PBXFileReference; fileEncoding = 4; lastKnownFileType = sourcecode.c.h; path = "NSString+Extension.h"; sourceTree = "<group>"; };
		AA6981BA1F581A9F00BCF551 /* NSString+Extension.m */ = {isa = PBXFileReference; fileEncoding = 4; lastKnownFileType = sourcecode.c.objc; path = "NSString+Extension.m"; sourceTree = "<group>"; };
		AA6981C01F58F79D00BCF551 /* AIQImageLoader.h */ = {isa = PBXFileReference; fileEncoding = 4; lastKnownFileType = sourcecode.c.h; path = AIQImageLoader.h; sourceTree = "<group>"; };
		AA6981C11F58F79D00BCF551 /* AIQImageLoader.m */ = {isa = PBXFileReference; fileEncoding = 4; lastKnownFileType = sourcecode.c.objc; path = AIQImageLoader.m; sourceTree = "<group>"; };
		AA6981C31F590E3500BCF551 /* AIQTabBarController.h */ = {isa = PBXFileReference; fileEncoding = 4; lastKnownFileType = sourcecode.c.h; path = AIQTabBarController.h; sourceTree = "<group>"; };
		AA6981C41F590E3500BCF551 /* AIQTabBarController.m */ = {isa = PBXFileReference; fileEncoding = 4; lastKnownFileType = sourcecode.c.objc; path = AIQTabBarController.m; sourceTree = "<group>"; };
		AA6981C61F59116400BCF551 /* AIQSQLService.h */ = {isa = PBXFileReference; fileEncoding = 4; lastKnownFileType = sourcecode.c.h; path = AIQSQLService.h; sourceTree = "<group>"; };
		AA6981C71F59116400BCF551 /* AIQSQLService.m */ = {isa = PBXFileReference; fileEncoding = 4; lastKnownFileType = sourcecode.c.objc; path = AIQSQLService.m; sourceTree = "<group>"; };
		AA6981D11F5921FB00BCF551 /* UIImage+Extension.h */ = {isa = PBXFileReference; fileEncoding = 4; lastKnownFileType = sourcecode.c.h; path = "UIImage+Extension.h"; sourceTree = "<group>"; };
		AA6981D21F5921FB00BCF551 /* UIImage+Extension.m */ = {isa = PBXFileReference; fileEncoding = 4; lastKnownFileType = sourcecode.c.objc; path = "UIImage+Extension.m"; sourceTree = "<group>"; };
		AA6981D51F59234100BCF551 /* CGUtilities.h */ = {isa = PBXFileReference; fileEncoding = 4; lastKnownFileType = sourcecode.c.h; path = CGUtilities.h; sourceTree = "<group>"; };
		AA6981D61F59234100BCF551 /* CGUtilities.m */ = {isa = PBXFileReference; fileEncoding = 4; lastKnownFileType = sourcecode.c.objc; path = CGUtilities.m; sourceTree = "<group>"; };
		AA6981D81F59359D00BCF551 /* AIQAlbumsService.h */ = {isa = PBXFileReference; fileEncoding = 4; lastKnownFileType = sourcecode.c.h; path = AIQAlbumsService.h; sourceTree = "<group>"; };
		AA6981D91F59359D00BCF551 /* AIQAlbumsService.m */ = {isa = PBXFileReference; fileEncoding = 4; lastKnownFileType = sourcecode.c.objc; path = AIQAlbumsService.m; sourceTree = "<group>"; };
		AA6981DE1F5937DA00BCF551 /* AIQConstants.h */ = {isa = PBXFileReference; fileEncoding = 4; lastKnownFileType = sourcecode.c.h; path = AIQConstants.h; sourceTree = "<group>"; };
		AA6981DF1F5937DA00BCF551 /* AIQConstants.m */ = {isa = PBXFileReference; fileEncoding = 4; lastKnownFileType = sourcecode.c.objc; path = AIQConstants.m; sourceTree = "<group>"; };
		AA6981E21F594F1E00BCF551 /* AIQPhoto.h */ = {isa = PBXFileReference; fileEncoding = 4; lastKnownFileType = sourcecode.c.h; path = AIQPhoto.h; sourceTree = "<group>"; };
		AA6981E31F594F1E00BCF551 /* AIQPhoto.m */ = {isa = PBXFileReference; fileEncoding = 4; lastKnownFileType = sourcecode.c.objc; path = AIQPhoto.m; sourceTree = "<group>"; };
		AA6981E91F595CD800BCF551 /* MWCaptionView.h */ = {isa = PBXFileReference; fileEncoding = 4; lastKnownFileType = sourcecode.c.h; path = MWCaptionView.h; sourceTree = "<group>"; };
		AA6981EA1F595CD800BCF551 /* MWCaptionView.m */ = {isa = PBXFileReference; fileEncoding = 4; lastKnownFileType = sourcecode.c.objc; path = MWCaptionView.m; sourceTree = "<group>"; };
		AA6981EB1F595CD800BCF551 /* MWCommon.h */ = {isa = PBXFileReference; fileEncoding = 4; lastKnownFileType = sourcecode.c.h; path = MWCommon.h; sourceTree = "<group>"; };
		AA6981EC1F595CD800BCF551 /* MWGridCell.h */ = {isa = PBXFileReference; fileEncoding = 4; lastKnownFileType = sourcecode.c.h; path = MWGridCell.h; sourceTree = "<group>"; };
		AA6981ED1F595CD800BCF551 /* MWGridCell.m */ = {isa = PBXFileReference; fileEncoding = 4; lastKnownFileType = sourcecode.c.objc; path = MWGridCell.m; sourceTree = "<group>"; };
		AA6981EE1F595CD800BCF551 /* MWGridViewController.h */ = {isa = PBXFileReference; fileEncoding = 4; lastKnownFileType = sourcecode.c.h; path = MWGridViewController.h; sourceTree = "<group>"; };
		AA6981EF1F595CD800BCF551 /* MWGridViewController.m */ = {isa = PBXFileReference; fileEncoding = 4; lastKnownFileType = sourcecode.c.objc; path = MWGridViewController.m; sourceTree = "<group>"; };
		AA6981F01F595CD800BCF551 /* MWPhoto.h */ = {isa = PBXFileReference; fileEncoding = 4; lastKnownFileType = sourcecode.c.h; path = MWPhoto.h; sourceTree = "<group>"; };
		AA6981F11F595CD800BCF551 /* MWPhoto.m */ = {isa = PBXFileReference; fileEncoding = 4; lastKnownFileType = sourcecode.c.objc; path = MWPhoto.m; sourceTree = "<group>"; };
		AA6981F21F595CD800BCF551 /* MWPhotoBrowser.h */ = {isa = PBXFileReference; fileEncoding = 4; lastKnownFileType = sourcecode.c.h; path = MWPhotoBrowser.h; sourceTree = "<group>"; };
		AA6981F31F595CD800BCF551 /* MWPhotoBrowser.m */ = {isa = PBXFileReference; fileEncoding = 4; lastKnownFileType = sourcecode.c.objc; path = MWPhotoBrowser.m; sourceTree = "<group>"; };
		AA6981F41F595CD800BCF551 /* MWPhotoBrowserPrivate.h */ = {isa = PBXFileReference; fileEncoding = 4; lastKnownFileType = sourcecode.c.h; path = MWPhotoBrowserPrivate.h; sourceTree = "<group>"; };
		AA6981F51F595CD800BCF551 /* MWPhotoProtocol.h */ = {isa = PBXFileReference; fileEncoding = 4; lastKnownFileType = sourcecode.c.h; path = MWPhotoProtocol.h; sourceTree = "<group>"; };
		AA6981F61F595CD800BCF551 /* MWTapDetectingImageView.h */ = {isa = PBXFileReference; fileEncoding = 4; lastKnownFileType = sourcecode.c.h; path = MWTapDetectingImageView.h; sourceTree = "<group>"; };
		AA6981F71F595CD800BCF551 /* MWTapDetectingImageView.m */ = {isa = PBXFileReference; fileEncoding = 4; lastKnownFileType = sourcecode.c.objc; path = MWTapDetectingImageView.m; sourceTree = "<group>"; };
		AA6981F81F595CD800BCF551 /* MWTapDetectingView.h */ = {isa = PBXFileReference; fileEncoding = 4; lastKnownFileType = sourcecode.c.h; path = MWTapDetectingView.h; sourceTree = "<group>"; };
		AA6981F91F595CD800BCF551 /* MWTapDetectingView.m */ = {isa = PBXFileReference; fileEncoding = 4; lastKnownFileType = sourcecode.c.objc; path = MWTapDetectingView.m; sourceTree = "<group>"; };
		AA6981FA1F595CD800BCF551 /* MWZoomingScrollView.h */ = {isa = PBXFileReference; fileEncoding = 4; lastKnownFileType = sourcecode.c.h; path = MWZoomingScrollView.h; sourceTree = "<group>"; };
		AA6981FB1F595CD800BCF551 /* MWZoomingScrollView.m */ = {isa = PBXFileReference; fileEncoding = 4; lastKnownFileType = sourcecode.c.objc; path = MWZoomingScrollView.m; sourceTree = "<group>"; };
		AA6981FC1F595CD800BCF551 /* UIImage+MWPhotoBrowser.h */ = {isa = PBXFileReference; fileEncoding = 4; lastKnownFileType = sourcecode.c.h; path = "UIImage+MWPhotoBrowser.h"; sourceTree = "<group>"; };
		AA6981FD1F595CD800BCF551 /* UIImage+MWPhotoBrowser.m */ = {isa = PBXFileReference; fileEncoding = 4; lastKnownFileType = sourcecode.c.objc; path = "UIImage+MWPhotoBrowser.m"; sourceTree = "<group>"; };
		AA6982101F5CF23000BCF551 /* AIQAlbumController.h */ = {isa = PBXFileReference; fileEncoding = 4; lastKnownFileType = sourcecode.c.h; path = AIQAlbumController.h; sourceTree = "<group>"; };
		AA6982111F5CF23000BCF551 /* AIQAlbumController.m */ = {isa = PBXFileReference; fileEncoding = 4; lastKnownFileType = sourcecode.c.objc; path = AIQAlbumController.m; sourceTree = "<group>"; };
		AA6982131F5CF40300BCF551 /* AIQTableViewController.h */ = {isa = PBXFileReference; fileEncoding = 4; lastKnownFileType = sourcecode.c.h; path = AIQTableViewController.h; sourceTree = "<group>"; };
		AA6982141F5CF40300BCF551 /* AIQTableViewController.m */ = {isa = PBXFileReference; fileEncoding = 4; lastKnownFileType = sourcecode.c.objc; path = AIQTableViewController.m; sourceTree = "<group>"; };
		AA6982161F5CF41B00BCF551 /* AIQCollectionViewController.h */ = {isa = PBXFileReference; fileEncoding = 4; lastKnownFileType = sourcecode.c.h; path = AIQCollectionViewController.h; sourceTree = "<group>"; };
		AA6982171F5CF41B00BCF551 /* AIQCollectionViewController.m */ = {isa = PBXFileReference; fileEncoding = 4; lastKnownFileType = sourcecode.c.objc; path = AIQCollectionViewController.m; sourceTree = "<group>"; };
		AA69821A1F5CF48D00BCF551 /* AIQTableView.h */ = {isa = PBXFileReference; fileEncoding = 4; lastKnownFileType = sourcecode.c.h; path = AIQTableView.h; sourceTree = "<group>"; };
		AA69821B1F5CF48D00BCF551 /* AIQTableView.m */ = {isa = PBXFileReference; fileEncoding = 4; lastKnownFileType = sourcecode.c.objc; path = AIQTableView.m; sourceTree = "<group>"; };
		AA69821D1F5CF4A300BCF551 /* AIQCollectionView.h */ = {isa = PBXFileReference; fileEncoding = 4; lastKnownFileType = sourcecode.c.h; path = AIQCollectionView.h; sourceTree = "<group>"; };
		AA69821E1F5CF4A300BCF551 /* AIQCollectionView.m */ = {isa = PBXFileReference; fileEncoding = 4; lastKnownFileType = sourcecode.c.objc; path = AIQCollectionView.m; sourceTree = "<group>"; };
		AA6982201F5CF56000BCF551 /* AIQTableViewCell.h */ = {isa = PBXFileReference; fileEncoding = 4; lastKnownFileType = sourcecode.c.h; path = AIQTableViewCell.h; sourceTree = "<group>"; };
		AA6982211F5CF56000BCF551 /* AIQTableViewCell.m */ = {isa = PBXFileReference; fileEncoding = 4; lastKnownFileType = sourcecode.c.objc; path = AIQTableViewCell.m; sourceTree = "<group>"; };
		AA6982231F5D05C900BCF551 /* AIQCollectionViewCell.h */ = {isa = PBXFileReference; fileEncoding = 4; lastKnownFileType = sourcecode.c.h; path = AIQCollectionViewCell.h; sourceTree = "<group>"; };
		AA6982241F5D05C900BCF551 /* AIQCollectionViewCell.m */ = {isa = PBXFileReference; fileEncoding = 4; lastKnownFileType = sourcecode.c.objc; path = AIQCollectionViewCell.m; sourceTree = "<group>"; };
		AA6982261F5D3BD900BCF551 /* AIQAlbumViewModel.h */ = {isa = PBXFileReference; fileEncoding = 4; lastKnownFileType = sourcecode.c.h; path = AIQAlbumViewModel.h; sourceTree = "<group>"; };
		AA6982271F5D3BD900BCF551 /* AIQAlbumViewModel.m */ = {isa = PBXFileReference; fileEncoding = 4; lastKnownFileType = sourcecode.c.objc; path = AIQAlbumViewModel.m; sourceTree = "<group>"; };
		AA6982291F5D49E000BCF551 /* AIQPhotoThumbnailCell.h */ = {isa = PBXFileReference; fileEncoding = 4; lastKnownFileType = sourcecode.c.h; path = AIQPhotoThumbnailCell.h; sourceTree = "<group>"; };
		AA69822A1F5D49E000BCF551 /* AIQPhotoThumbnailCell.m */ = {isa = PBXFileReference; fileEncoding = 4; lastKnownFileType = sourcecode.c.objc; path = AIQPhotoThumbnailCell.m; sourceTree = "<group>"; };
		AA69822C1F5D519800BCF551 /* AIQAlbumSelectView.h */ = {isa = PBXFileReference; fileEncoding = 4; lastKnownFileType = sourcecode.c.h; path = AIQAlbumSelectView.h; sourceTree = "<group>"; };
		AA69822D1F5D519800BCF551 /* AIQAlbumSelectView.m */ = {isa = PBXFileReference; fileEncoding = 4; lastKnownFileType = sourcecode.c.objc; path = AIQAlbumSelectView.m; sourceTree = "<group>"; };
		AA69822F1F5D548400BCF551 /* AIQAlbum.h */ = {isa = PBXFileReference; fileEncoding = 4; lastKnownFileType = sourcecode.c.h; path = AIQAlbum.h; sourceTree = "<group>"; };
		AA6982301F5D548400BCF551 /* AIQAlbum.m */ = {isa = PBXFileReference; fileEncoding = 4; lastKnownFileType = sourcecode.c.objc; path = AIQAlbum.m; sourceTree = "<group>"; };
		AA6982321F60F76F00BCF551 /* UIFont+Extension.h */ = {isa = PBXFileReference; fileEncoding = 4; lastKnownFileType = sourcecode.c.h; path = "UIFont+Extension.h"; sourceTree = "<group>"; };
		AA6982331F60F76F00BCF551 /* UIFont+Extension.m */ = {isa = PBXFileReference; fileEncoding = 4; lastKnownFileType = sourcecode.c.objc; path = "UIFont+Extension.m"; sourceTree = "<group>"; };
		AA6982351F61275F00BCF551 /* AIQUIFactory.h */ = {isa = PBXFileReference; fileEncoding = 4; lastKnownFileType = sourcecode.c.h; path = AIQUIFactory.h; sourceTree = "<group>"; };
		AA6982361F61275F00BCF551 /* AIQUIFactory.m */ = {isa = PBXFileReference; fileEncoding = 4; lastKnownFileType = sourcecode.c.objc; path = AIQUIFactory.m; sourceTree = "<group>"; };
		AA6982381F613BA900BCF551 /* AIQNetWorkSatusManager.h */ = {isa = PBXFileReference; fileEncoding = 4; lastKnownFileType = sourcecode.c.h; path = AIQNetWorkSatusManager.h; sourceTree = "<group>"; };
		AA6982391F613BA900BCF551 /* AIQNetWorkSatusManager.m */ = {isa = PBXFileReference; fileEncoding = 4; lastKnownFileType = sourcecode.c.objc; path = AIQNetWorkSatusManager.m; sourceTree = "<group>"; };
		AA69823B1F614D6500BCF551 /* AIQAppManager.h */ = {isa = PBXFileReference; fileEncoding = 4; lastKnownFileType = sourcecode.c.h; path = AIQAppManager.h; sourceTree = "<group>"; };
		AA69823C1F614D6500BCF551 /* AIQAppManager.m */ = {isa = PBXFileReference; fileEncoding = 4; lastKnownFileType = sourcecode.c.objc; path = AIQAppManager.m; sourceTree = "<group>"; };
		F2F8859DA1C511A9DA343C24 /* Pods-Anniversary.debug.xcconfig */ = {isa = PBXFileReference; includeInIndex = 1; lastKnownFileType = text.xcconfig; name = "Pods-Anniversary.debug.xcconfig"; path = "Pods/Target Support Files/Pods-Anniversary/Pods-Anniversary.debug.xcconfig"; sourceTree = "<group>"; };
		F66CDCFBECC55C317BA7F13D /* Pods-Anniversary.release.xcconfig */ = {isa = PBXFileReference; includeInIndex = 1; lastKnownFileType = text.xcconfig; name = "Pods-Anniversary.release.xcconfig"; path = "Pods/Target Support Files/Pods-Anniversary/Pods-Anniversary.release.xcconfig"; sourceTree = "<group>"; };
		FB53C11A9894F739894CD0B3 /* libPods-Anniversary.a */ = {isa = PBXFileReference; explicitFileType = archive.ar; includeInIndex = 0; path = "libPods-Anniversary.a"; sourceTree = BUILT_PRODUCTS_DIR; };
/* End PBXFileReference section */

/* Begin PBXFrameworksBuildPhase section */
		AA69816E1F5803E000BCF551 /* Frameworks */ = {
			isa = PBXFrameworksBuildPhase;
			buildActionMask = 2147483647;
			files = (
				0B0D76E77957B0B657F2D82F /* libPods-Anniversary.a in Frameworks */,
			);
			runOnlyForDeploymentPostprocessing = 0;
		};
/* End PBXFrameworksBuildPhase section */

/* Begin PBXGroup section */
		AA6981681F5803E000BCF551 = {
			isa = PBXGroup;
			children = (
				AA6981731F5803E000BCF551 /* Anniversary */,
				AA6981721F5803E000BCF551 /* Products */,
				CD3B9C2B865C22A3655C07D4 /* Pods */,
				BB75B44ECAE15C7269C958AC /* Frameworks */,
			);
			sourceTree = "<group>";
		};
		AA6981721F5803E000BCF551 /* Products */ = {
			isa = PBXGroup;
			children = (
				AA6981711F5803E000BCF551 /* Anniversary.app */,
			);
			name = Products;
			sourceTree = "<group>";
		};
		AA6981731F5803E000BCF551 /* Anniversary */ = {
			isa = PBXGroup;
			children = (
				AA6981771F5803E000BCF551 /* AIQAppDelegate.h */,
				AA6981781F5803E000BCF551 /* AIQAppDelegate.m */,
				AA69817D1F5803E000BCF551 /* Main.storyboard */,
				AA6981801F5803E000BCF551 /* Assets.xcassets */,
				AA6981821F5803E000BCF551 /* LaunchScreen.storyboard */,
				AA69818E1F580DAC00BCF551 /* Common */,
				AA69818C1F580BE300BCF551 /* Macro */,
				AA6981BE1F581CA200BCF551 /* Feature */,
				AA6981BD1F581BF900BCF551 /* Service */,
				AA6981E51F595C5F00BCF551 /* Vendor */,
				AA6981851F5803E000BCF551 /* Info.plist */,
				AA6981741F5803E000BCF551 /* Supporting Files */,
			);
			path = Anniversary;
			sourceTree = "<group>";
		};
		AA6981741F5803E000BCF551 /* Supporting Files */ = {
			isa = PBXGroup;
			children = (
				AA6981751F5803E000BCF551 /* main.m */,
				AA6981A21F58123700BCF551 /* Anniversary-PrefixHeader.pch */,
			);
			name = "Supporting Files";
			sourceTree = "<group>";
		};
		AA69818B1F580BC100BCF551 /* Network */ = {
			isa = PBXGroup;
			children = (
				AA6982381F613BA900BCF551 /* AIQNetWorkSatusManager.h */,
				AA6982391F613BA900BCF551 /* AIQNetWorkSatusManager.m */,
			);
			path = Network;
			sourceTree = "<group>";
		};
		AA69818C1F580BE300BCF551 /* Macro */ = {
			isa = PBXGroup;
			children = (
				AA6981A31F5812AE00BCF551 /* UIMacro.h */,
				AA6981A41F5814AB00BCF551 /* AIQMacro.h */,
				AA6981DE1F5937DA00BCF551 /* AIQConstants.h */,
				AA6981DF1F5937DA00BCF551 /* AIQConstants.m */,
			);
			path = Macro;
			sourceTree = "<group>";
		};
		AA69818D1F580D7900BCF551 /* Main */ = {
			isa = PBXGroup;
			children = (
				AA6981C31F590E3500BCF551 /* AIQTabBarController.h */,
				AA6981C41F590E3500BCF551 /* AIQTabBarController.m */,
			);
			path = Main;
			sourceTree = "<group>";
		};
		AA69818E1F580DAC00BCF551 /* Common */ = {
			isa = PBXGroup;
			children = (
				AA6982191F5CF46500BCF551 /* View */,
				AA6981E11F594BC600BCF551 /* Model */,
				AA6981D41F5922FF00BCF551 /* Utility */,
				AA6981A51F58158500BCF551 /* Categories */,
				AA6981991F580FAD00BCF551 /* Media */,
				AA69818F1F580DD000BCF551 /* ViewController */,
			);
			path = Common;
			sourceTree = "<group>";
		};
		AA69818F1F580DD000BCF551 /* ViewController */ = {
			isa = PBXGroup;
			children = (
				AA6981901F580E1A00BCF551 /* AIQBasicViewController.h */,
				AA6981911F580E1A00BCF551 /* AIQBasicViewController.m */,
				AA6981931F580E5300BCF551 /* AIQBasicNavigationController.h */,
				AA6981941F580E5300BCF551 /* AIQBasicNavigationController.m */,
				AA6982131F5CF40300BCF551 /* AIQTableViewController.h */,
				AA6982141F5CF40300BCF551 /* AIQTableViewController.m */,
				AA6982161F5CF41B00BCF551 /* AIQCollectionViewController.h */,
				AA6982171F5CF41B00BCF551 /* AIQCollectionViewController.m */,
			);
			path = ViewController;
			sourceTree = "<group>";
		};
		AA6981991F580FAD00BCF551 /* Media */ = {
			isa = PBXGroup;
			children = (
				AA69819A1F580FC800BCF551 /* Image */,
			);
			path = Media;
			sourceTree = "<group>";
		};
		AA69819A1F580FC800BCF551 /* Image */ = {
			isa = PBXGroup;
			children = (
			);
			path = Image;
			sourceTree = "<group>";
		};
		AA69819E1F58104100BCF551 /* Store */ = {
			isa = PBXGroup;
			children = (
				AA6981C61F59116400BCF551 /* AIQSQLService.h */,
				AA6981C71F59116400BCF551 /* AIQSQLService.m */,
			);
			path = Store;
			sourceTree = "<group>";
		};
		AA6981A51F58158500BCF551 /* Categories */ = {
			isa = PBXGroup;
			children = (
				AA6981AA1F58160E00BCF551 /* Foundation */,
				AA6981A61F58159400BCF551 /* UIKit */,
			);
			path = Categories;
			sourceTree = "<group>";
		};
		AA6981A61F58159400BCF551 /* UIKit */ = {
			isa = PBXGroup;
			children = (
				AA6981D11F5921FB00BCF551 /* UIImage+Extension.h */,
				AA6981D21F5921FB00BCF551 /* UIImage+Extension.m */,
				AA6981A71F5815CF00BCF551 /* UIColor+Extension.h */,
				AA6981A81F5815CF00BCF551 /* UIColor+Extension.m */,
				AA6982321F60F76F00BCF551 /* UIFont+Extension.h */,
				AA6982331F60F76F00BCF551 /* UIFont+Extension.m */,
				AA29414D1F629E8500A2378E /* UIViewController+Extension.h */,
				AA29414E1F629E8500A2378E /* UIViewController+Extension.m */,
			);
			path = UIKit;
			sourceTree = "<group>";
		};
		AA6981AA1F58160E00BCF551 /* Foundation */ = {
			isa = PBXGroup;
			children = (
				AA6981B71F581A9F00BCF551 /* NSNumber+Extension.h */,
				AA6981B81F581A9F00BCF551 /* NSNumber+Extension.m */,
				AA6981B91F581A9F00BCF551 /* NSString+Extension.h */,
				AA6981BA1F581A9F00BCF551 /* NSString+Extension.m */,
				AA6981B41F58188B00BCF551 /* NSData+Extension.h */,
				AA6981B51F58188B00BCF551 /* NSData+Extension.m */,
			);
			path = Foundation;
			sourceTree = "<group>";
		};
		AA6981BD1F581BF900BCF551 /* Service */ = {
			isa = PBXGroup;
			children = (
				AA6981BF1F58F75200BCF551 /* Media */,
				AA69819E1F58104100BCF551 /* Store */,
				AA69818B1F580BC100BCF551 /* Network */,
				AA69823B1F614D6500BCF551 /* AIQAppManager.h */,
				AA69823C1F614D6500BCF551 /* AIQAppManager.m */,
			);
			path = Service;
			sourceTree = "<group>";
		};
		AA6981BE1F581CA200BCF551 /* Feature */ = {
			isa = PBXGroup;
			children = (
				AA69820A1F5CF18200BCF551 /* Album */,
				AA69818D1F580D7900BCF551 /* Main */,
			);
			path = Feature;
			sourceTree = "<group>";
		};
		AA6981BF1F58F75200BCF551 /* Media */ = {
			isa = PBXGroup;
			children = (
				AA6981C01F58F79D00BCF551 /* AIQImageLoader.h */,
				AA6981C11F58F79D00BCF551 /* AIQImageLoader.m */,
				AA6981D81F59359D00BCF551 /* AIQAlbumsService.h */,
				AA6981D91F59359D00BCF551 /* AIQAlbumsService.m */,
			);
			path = Media;
			sourceTree = "<group>";
		};
		AA6981D41F5922FF00BCF551 /* Utility */ = {
			isa = PBXGroup;
			children = (
				AA6981D51F59234100BCF551 /* CGUtilities.h */,
				AA6981D61F59234100BCF551 /* CGUtilities.m */,
				AA6982351F61275F00BCF551 /* AIQUIFactory.h */,
				AA6982361F61275F00BCF551 /* AIQUIFactory.m */,
			);
			path = Utility;
			sourceTree = "<group>";
		};
		AA6981E11F594BC600BCF551 /* Model */ = {
			isa = PBXGroup;
			children = (
				AA6981E21F594F1E00BCF551 /* AIQPhoto.h */,
				AA6981E31F594F1E00BCF551 /* AIQPhoto.m */,
				AA69822F1F5D548400BCF551 /* AIQAlbum.h */,
				AA6982301F5D548400BCF551 /* AIQAlbum.m */,
				AA2941471F6298EC00A2378E /* AIQBaseModel.h */,
				AA2941481F6298EC00A2378E /* AIQBaseModel.m */,
			);
			path = Model;
			sourceTree = "<group>";
		};
		AA6981E51F595C5F00BCF551 /* Vendor */ = {
			isa = PBXGroup;
			children = (
				AA6981E81F595CD800BCF551 /* MWPhotoBrowser */,
			);
			path = Vendor;
			sourceTree = "<group>";
		};
		AA6981E81F595CD800BCF551 /* MWPhotoBrowser */ = {
			isa = PBXGroup;
			children = (
				AA6981E91F595CD800BCF551 /* MWCaptionView.h */,
				AA6981EA1F595CD800BCF551 /* MWCaptionView.m */,
				AA6981EB1F595CD800BCF551 /* MWCommon.h */,
				AA6981EC1F595CD800BCF551 /* MWGridCell.h */,
				AA6981ED1F595CD800BCF551 /* MWGridCell.m */,
				AA6981EE1F595CD800BCF551 /* MWGridViewController.h */,
				AA6981EF1F595CD800BCF551 /* MWGridViewController.m */,
				AA6981F01F595CD800BCF551 /* MWPhoto.h */,
				AA6981F11F595CD800BCF551 /* MWPhoto.m */,
				AA6981F21F595CD800BCF551 /* MWPhotoBrowser.h */,
				AA6981F31F595CD800BCF551 /* MWPhotoBrowser.m */,
				AA6981F41F595CD800BCF551 /* MWPhotoBrowserPrivate.h */,
				AA6981F51F595CD800BCF551 /* MWPhotoProtocol.h */,
				AA6981F61F595CD800BCF551 /* MWTapDetectingImageView.h */,
				AA6981F71F595CD800BCF551 /* MWTapDetectingImageView.m */,
				AA6981F81F595CD800BCF551 /* MWTapDetectingView.h */,
				AA6981F91F595CD800BCF551 /* MWTapDetectingView.m */,
				AA6981FA1F595CD800BCF551 /* MWZoomingScrollView.h */,
				AA6981FB1F595CD800BCF551 /* MWZoomingScrollView.m */,
				AA6981FC1F595CD800BCF551 /* UIImage+MWPhotoBrowser.h */,
				AA6981FD1F595CD800BCF551 /* UIImage+MWPhotoBrowser.m */,
			);
			path = MWPhotoBrowser;
			sourceTree = "<group>";
		};
		AA69820A1F5CF18200BCF551 /* Album */ = {
			isa = PBXGroup;
			children = (
				AA69820F1F5CF1DF00BCF551 /* Model */,
				AA69820E1F5CF1D500BCF551 /* ViewModel */,
				AA69820D1F5CF1CC00BCF551 /* View */,
				AA69820B1F5CF1B900BCF551 /* ViewController */,
			);
			path = Album;
			sourceTree = "<group>";
		};
		AA69820B1F5CF1B900BCF551 /* ViewController */ = {
			isa = PBXGroup;
			children = (
				AA6982101F5CF23000BCF551 /* AIQAlbumController.h */,
				AA6982111F5CF23000BCF551 /* AIQAlbumController.m */,
				47009A451F618CA4007206C3 /* AIQAlbumBrowser.h */,
				47009A461F618CA4007206C3 /* AIQAlbumBrowser.m */,
				47009A481F619537007206C3 /* AIQAlbumBrowserProtocol.h */,
			);
			path = ViewController;
			sourceTree = "<group>";
		};
		AA69820D1F5CF1CC00BCF551 /* View */ = {
			isa = PBXGroup;
			children = (
				AA6982291F5D49E000BCF551 /* AIQPhotoThumbnailCell.h */,
				AA69822A1F5D49E000BCF551 /* AIQPhotoThumbnailCell.m */,
				AA69822C1F5D519800BCF551 /* AIQAlbumSelectView.h */,
				AA69822D1F5D519800BCF551 /* AIQAlbumSelectView.m */,
			);
			path = View;
			sourceTree = "<group>";
		};
		AA69820E1F5CF1D500BCF551 /* ViewModel */ = {
			isa = PBXGroup;
			children = (
				AA6982261F5D3BD900BCF551 /* AIQAlbumViewModel.h */,
				AA6982271F5D3BD900BCF551 /* AIQAlbumViewModel.m */,
			);
			path = ViewModel;
			sourceTree = "<group>";
		};
		AA69820F1F5CF1DF00BCF551 /* Model */ = {
			isa = PBXGroup;
			children = (
			);
			path = Model;
			sourceTree = "<group>";
		};
		AA6982191F5CF46500BCF551 /* View */ = {
			isa = PBXGroup;
			children = (
				AA69821A1F5CF48D00BCF551 /* AIQTableView.h */,
				AA69821B1F5CF48D00BCF551 /* AIQTableView.m */,
				AA69821D1F5CF4A300BCF551 /* AIQCollectionView.h */,
				AA69821E1F5CF4A300BCF551 /* AIQCollectionView.m */,
				AA6982201F5CF56000BCF551 /* AIQTableViewCell.h */,
				AA6982211F5CF56000BCF551 /* AIQTableViewCell.m */,
				AA6982231F5D05C900BCF551 /* AIQCollectionViewCell.h */,
				AA6982241F5D05C900BCF551 /* AIQCollectionViewCell.m */,
			);
			path = View;
			sourceTree = "<group>";
		};
		BB75B44ECAE15C7269C958AC /* Frameworks */ = {
			isa = PBXGroup;
			children = (
				FB53C11A9894F739894CD0B3 /* libPods-Anniversary.a */,
			);
			name = Frameworks;
			sourceTree = "<group>";
		};
		CD3B9C2B865C22A3655C07D4 /* Pods */ = {
			isa = PBXGroup;
			children = (
				F2F8859DA1C511A9DA343C24 /* Pods-Anniversary.debug.xcconfig */,
				F66CDCFBECC55C317BA7F13D /* Pods-Anniversary.release.xcconfig */,
			);
			name = Pods;
			sourceTree = "<group>";
		};
/* End PBXGroup section */

/* Begin PBXNativeTarget section */
		AA6981701F5803E000BCF551 /* Anniversary */ = {
			isa = PBXNativeTarget;
			buildConfigurationList = AA6981881F5803E000BCF551 /* Build configuration list for PBXNativeTarget "Anniversary" */;
			buildPhases = (
				13788531CA6678578B90B995 /* [CP] Check Pods Manifest.lock */,
				AA69816D1F5803E000BCF551 /* Sources */,
				AA69816E1F5803E000BCF551 /* Frameworks */,
				AA69816F1F5803E000BCF551 /* Resources */,
				BA17235E85D22E7AAA2DE112 /* [CP] Embed Pods Frameworks */,
				2DFE02EFEDE8FEC2378CFC0B /* [CP] Copy Pods Resources */,
			);
			buildRules = (
			);
			dependencies = (
			);
			name = Anniversary;
			productName = Anniversary;
			productReference = AA6981711F5803E000BCF551 /* Anniversary.app */;
			productType = "com.apple.product-type.application";
		};
/* End PBXNativeTarget section */

/* Begin PBXProject section */
		AA6981691F5803E000BCF551 /* Project object */ = {
			isa = PBXProject;
			attributes = {
				CLASSPREFIX = AIQ;
				LastUpgradeCheck = 0830;
				ORGANIZATIONNAME = "小希";
				TargetAttributes = {
					AA6981701F5803E000BCF551 = {
						CreatedOnToolsVersion = 8.3.3;
						DevelopmentTeam = 4L9LAJK4Y6;
						ProvisioningStyle = Automatic;
					};
				};
			};
			buildConfigurationList = AA69816C1F5803E000BCF551 /* Build configuration list for PBXProject "Anniversary" */;
			compatibilityVersion = "Xcode 3.2";
			developmentRegion = English;
			hasScannedForEncodings = 0;
			knownRegions = (
				en,
				Base,
			);
			mainGroup = AA6981681F5803E000BCF551;
			productRefGroup = AA6981721F5803E000BCF551 /* Products */;
			projectDirPath = "";
			projectRoot = "";
			targets = (
				AA6981701F5803E000BCF551 /* Anniversary */,
			);
		};
/* End PBXProject section */

/* Begin PBXResourcesBuildPhase section */
		AA69816F1F5803E000BCF551 /* Resources */ = {
			isa = PBXResourcesBuildPhase;
			buildActionMask = 2147483647;
			files = (
				AA6981841F5803E000BCF551 /* LaunchScreen.storyboard in Resources */,
				AA6981811F5803E000BCF551 /* Assets.xcassets in Resources */,
				AA69817F1F5803E000BCF551 /* Main.storyboard in Resources */,
			);
			runOnlyForDeploymentPostprocessing = 0;
		};
/* End PBXResourcesBuildPhase section */

/* Begin PBXShellScriptBuildPhase section */
		13788531CA6678578B90B995 /* [CP] Check Pods Manifest.lock */ = {
			isa = PBXShellScriptBuildPhase;
			buildActionMask = 2147483647;
			files = (
			);
			inputPaths = (
				"${PODS_PODFILE_DIR_PATH}/Podfile.lock",
				"${PODS_ROOT}/Manifest.lock",
			);
			name = "[CP] Check Pods Manifest.lock";
			outputPaths = (
				"$(DERIVED_FILE_DIR)/Pods-Anniversary-checkManifestLockResult.txt",
			);
			runOnlyForDeploymentPostprocessing = 0;
			shellPath = /bin/sh;
			shellScript = "diff \"${PODS_PODFILE_DIR_PATH}/Podfile.lock\" \"${PODS_ROOT}/Manifest.lock\" > /dev/null\nif [ $? != 0 ] ; then\n    # print error to STDERR\n    echo \"error: The sandbox is not in sync with the Podfile.lock. Run 'pod install' or update your CocoaPods installation.\" >&2\n    exit 1\nfi\n# This output is used by Xcode 'outputs' to avoid re-running this script phase.\necho \"SUCCESS\" > \"${SCRIPT_OUTPUT_FILE_0}\"\n";
			showEnvVarsInLog = 0;
		};
		2DFE02EFEDE8FEC2378CFC0B /* [CP] Copy Pods Resources */ = {
			isa = PBXShellScriptBuildPhase;
			buildActionMask = 2147483647;
			files = (
			);
			inputPaths = (
			);
			name = "[CP] Copy Pods Resources";
			outputPaths = (
			);
			runOnlyForDeploymentPostprocessing = 0;
			shellPath = /bin/sh;
			shellScript = "\"${SRCROOT}/Pods/Target Support Files/Pods-Anniversary/Pods-Anniversary-resources.sh\"\n";
			showEnvVarsInLog = 0;
		};
		BA17235E85D22E7AAA2DE112 /* [CP] Embed Pods Frameworks */ = {
			isa = PBXShellScriptBuildPhase;
			buildActionMask = 2147483647;
			files = (
			);
			inputPaths = (
			);
			name = "[CP] Embed Pods Frameworks";
			outputPaths = (
			);
			runOnlyForDeploymentPostprocessing = 0;
			shellPath = /bin/sh;
			shellScript = "\"${SRCROOT}/Pods/Target Support Files/Pods-Anniversary/Pods-Anniversary-frameworks.sh\"\n";
			showEnvVarsInLog = 0;
		};
/* End PBXShellScriptBuildPhase section */

/* Begin PBXSourcesBuildPhase section */
		AA69816D1F5803E000BCF551 /* Sources */ = {
			isa = PBXSourcesBuildPhase;
			buildActionMask = 2147483647;
			files = (
				AA6981951F580E5300BCF551 /* AIQBasicNavigationController.m in Sources */,
				AA6982281F5D3BD900BCF551 /* AIQAlbumViewModel.m in Sources */,
				AA6981FE1F595CD800BCF551 /* MWCaptionView.m in Sources */,
				AA6981DA1F59359D00BCF551 /* AIQAlbumsService.m in Sources */,
				AA69823A1F613BA900BCF551 /* AIQNetWorkSatusManager.m in Sources */,
				AA6981FF1F595CD800BCF551 /* MWGridCell.m in Sources */,
				AA69821C1F5CF48D00BCF551 /* AIQTableView.m in Sources */,
				AA6982031F595CD800BCF551 /* MWTapDetectingImageView.m in Sources */,
				AA6981921F580E1A00BCF551 /* AIQBasicViewController.m in Sources */,
				AA69823D1F614D6500BCF551 /* AIQAppManager.m in Sources */,
				AA6981C21F58F79D00BCF551 /* AIQImageLoader.m in Sources */,
				AA6982021F595CD800BCF551 /* MWPhotoBrowser.m in Sources */,
				AA6982011F595CD800BCF551 /* MWPhoto.m in Sources */,
				AA6982121F5CF23000BCF551 /* AIQAlbumController.m in Sources */,
				AA6982181F5CF41B00BCF551 /* AIQCollectionViewController.m in Sources */,
				AA69821F1F5CF4A300BCF551 /* AIQCollectionView.m in Sources */,
				AA6982371F61275F00BCF551 /* AIQUIFactory.m in Sources */,
				AA6982221F5CF56000BCF551 /* AIQTableViewCell.m in Sources */,
				AA6982051F595CD800BCF551 /* MWZoomingScrollView.m in Sources */,
				AA6981D31F5921FB00BCF551 /* UIImage+Extension.m in Sources */,
				AA6982001F595CD800BCF551 /* MWGridViewController.m in Sources */,
				AA6981A91F5815CF00BCF551 /* UIColor+Extension.m in Sources */,
				AA6981E01F5937DA00BCF551 /* AIQConstants.m in Sources */,
				AA6981BC1F581A9F00BCF551 /* NSString+Extension.m in Sources */,
				AA6982251F5D05C900BCF551 /* AIQCollectionViewCell.m in Sources */,
				AA6982061F595CD800BCF551 /* UIImage+MWPhotoBrowser.m in Sources */,
				AA29414F1F629E8500A2378E /* UIViewController+Extension.m in Sources */,
				47009A471F618CA4007206C3 /* AIQAlbumBrowser.m in Sources */,
				AA6982151F5CF40300BCF551 /* AIQTableViewController.m in Sources */,
				AA6981D71F59234100BCF551 /* CGUtilities.m in Sources */,
				AA6982341F60F76F00BCF551 /* UIFont+Extension.m in Sources */,
				AA6982311F5D548400BCF551 /* AIQAlbum.m in Sources */,
				AA6981C51F590E3500BCF551 /* AIQTabBarController.m in Sources */,
				AA2941491F6298EC00A2378E /* AIQBaseModel.m in Sources */,
				AA6981E41F594F1E00BCF551 /* AIQPhoto.m in Sources */,
				AA69822B1F5D49E000BCF551 /* AIQPhotoThumbnailCell.m in Sources */,
				AA6981C81F59116400BCF551 /* AIQSQLService.m in Sources */,
				AA6981791F5803E000BCF551 /* AIQAppDelegate.m in Sources */,
				AA6981BB1F581A9F00BCF551 /* NSNumber+Extension.m in Sources */,
				AA69822E1F5D519800BCF551 /* AIQAlbumSelectView.m in Sources */,
				AA6981B61F58188B00BCF551 /* NSData+Extension.m in Sources */,
				AA6982041F595CD800BCF551 /* MWTapDetectingView.m in Sources */,
				AA6981761F5803E000BCF551 /* main.m in Sources */,
			);
			runOnlyForDeploymentPostprocessing = 0;
		};
/* End PBXSourcesBuildPhase section */

/* Begin PBXVariantGroup section */
		AA69817D1F5803E000BCF551 /* Main.storyboard */ = {
			isa = PBXVariantGroup;
			children = (
				AA69817E1F5803E000BCF551 /* Base */,
			);
			name = Main.storyboard;
			sourceTree = "<group>";
		};
		AA6981821F5803E000BCF551 /* LaunchScreen.storyboard */ = {
			isa = PBXVariantGroup;
			children = (
				AA6981831F5803E000BCF551 /* Base */,
			);
			name = LaunchScreen.storyboard;
			sourceTree = "<group>";
		};
/* End PBXVariantGroup section */

/* Begin XCBuildConfiguration section */
		AA6981861F5803E000BCF551 /* Debug */ = {
			isa = XCBuildConfiguration;
			buildSettings = {
				ALWAYS_SEARCH_USER_PATHS = NO;
				CLANG_ANALYZER_NONNULL = YES;
				CLANG_ANALYZER_NUMBER_OBJECT_CONVERSION = YES_AGGRESSIVE;
				CLANG_CXX_LANGUAGE_STANDARD = "gnu++0x";
				CLANG_CXX_LIBRARY = "libc++";
				CLANG_ENABLE_MODULES = YES;
				CLANG_ENABLE_OBJC_ARC = YES;
				CLANG_WARN_BOOL_CONVERSION = YES;
				CLANG_WARN_CONSTANT_CONVERSION = YES;
				CLANG_WARN_DIRECT_OBJC_ISA_USAGE = YES_ERROR;
				CLANG_WARN_DOCUMENTATION_COMMENTS = YES;
				CLANG_WARN_EMPTY_BODY = YES;
				CLANG_WARN_ENUM_CONVERSION = YES;
				CLANG_WARN_INFINITE_RECURSION = YES;
				CLANG_WARN_INT_CONVERSION = YES;
				CLANG_WARN_OBJC_ROOT_CLASS = YES_ERROR;
				CLANG_WARN_SUSPICIOUS_MOVE = YES;
				CLANG_WARN_UNREACHABLE_CODE = YES;
				CLANG_WARN__DUPLICATE_METHOD_MATCH = YES;
				"CODE_SIGN_IDENTITY[sdk=iphoneos*]" = "iPhone Developer";
				COPY_PHASE_STRIP = NO;
				DEBUG_INFORMATION_FORMAT = dwarf;
				ENABLE_STRICT_OBJC_MSGSEND = YES;
				ENABLE_TESTABILITY = YES;
				GCC_C_LANGUAGE_STANDARD = gnu99;
				GCC_DYNAMIC_NO_PIC = NO;
				GCC_NO_COMMON_BLOCKS = YES;
				GCC_OPTIMIZATION_LEVEL = 0;
				GCC_PREPROCESSOR_DEFINITIONS = (
					"DEBUG=1",
					"$(inherited)",
				);
				GCC_WARN_64_TO_32_BIT_CONVERSION = YES;
				GCC_WARN_ABOUT_RETURN_TYPE = YES_ERROR;
				GCC_WARN_UNDECLARED_SELECTOR = YES;
				GCC_WARN_UNINITIALIZED_AUTOS = YES_AGGRESSIVE;
				GCC_WARN_UNUSED_FUNCTION = YES;
				GCC_WARN_UNUSED_VARIABLE = YES;
				IPHONEOS_DEPLOYMENT_TARGET = 10.3;
				MTL_ENABLE_DEBUG_INFO = YES;
				ONLY_ACTIVE_ARCH = YES;
				SDKROOT = iphoneos;
			};
			name = Debug;
		};
		AA6981871F5803E000BCF551 /* Release */ = {
			isa = XCBuildConfiguration;
			buildSettings = {
				ALWAYS_SEARCH_USER_PATHS = NO;
				CLANG_ANALYZER_NONNULL = YES;
				CLANG_ANALYZER_NUMBER_OBJECT_CONVERSION = YES_AGGRESSIVE;
				CLANG_CXX_LANGUAGE_STANDARD = "gnu++0x";
				CLANG_CXX_LIBRARY = "libc++";
				CLANG_ENABLE_MODULES = YES;
				CLANG_ENABLE_OBJC_ARC = YES;
				CLANG_WARN_BOOL_CONVERSION = YES;
				CLANG_WARN_CONSTANT_CONVERSION = YES;
				CLANG_WARN_DIRECT_OBJC_ISA_USAGE = YES_ERROR;
				CLANG_WARN_DOCUMENTATION_COMMENTS = YES;
				CLANG_WARN_EMPTY_BODY = YES;
				CLANG_WARN_ENUM_CONVERSION = YES;
				CLANG_WARN_INFINITE_RECURSION = YES;
				CLANG_WARN_INT_CONVERSION = YES;
				CLANG_WARN_OBJC_ROOT_CLASS = YES_ERROR;
				CLANG_WARN_SUSPICIOUS_MOVE = YES;
				CLANG_WARN_UNREACHABLE_CODE = YES;
				CLANG_WARN__DUPLICATE_METHOD_MATCH = YES;
				"CODE_SIGN_IDENTITY[sdk=iphoneos*]" = "iPhone Developer";
				COPY_PHASE_STRIP = NO;
				DEBUG_INFORMATION_FORMAT = "dwarf-with-dsym";
				ENABLE_NS_ASSERTIONS = NO;
				ENABLE_STRICT_OBJC_MSGSEND = YES;
				GCC_C_LANGUAGE_STANDARD = gnu99;
				GCC_NO_COMMON_BLOCKS = YES;
				GCC_WARN_64_TO_32_BIT_CONVERSION = YES;
				GCC_WARN_ABOUT_RETURN_TYPE = YES_ERROR;
				GCC_WARN_UNDECLARED_SELECTOR = YES;
				GCC_WARN_UNINITIALIZED_AUTOS = YES_AGGRESSIVE;
				GCC_WARN_UNUSED_FUNCTION = YES;
				GCC_WARN_UNUSED_VARIABLE = YES;
				IPHONEOS_DEPLOYMENT_TARGET = 10.3;
				MTL_ENABLE_DEBUG_INFO = NO;
				SDKROOT = iphoneos;
				VALIDATE_PRODUCT = YES;
			};
			name = Release;
		};
		AA6981891F5803E000BCF551 /* Debug */ = {
			isa = XCBuildConfiguration;
			baseConfigurationReference = F2F8859DA1C511A9DA343C24 /* Pods-Anniversary.debug.xcconfig */;
			buildSettings = {
				ASSETCATALOG_COMPILER_APPICON_NAME = AppIcon;
				DEVELOPMENT_TEAM = 4L9LAJK4Y6;
				GCC_PRECOMPILE_PREFIX_HEADER = YES;
				GCC_PREFIX_HEADER = "Anniversary/Anniversary-PrefixHeader.pch";
				INFOPLIST_FILE = Anniversary/Info.plist;
				IPHONEOS_DEPLOYMENT_TARGET = 9.0;
				LD_RUNPATH_SEARCH_PATHS = "$(inherited) @executable_path/Frameworks";
				OTHER_LDFLAGS = (
					"$(inherited)",
					"-ObjC",
					"-l\"AFNetworking\"",
					"-l\"FMDB\"",
					"-l\"MBProgressHUD\"",
					"-l\"Masonry\"",
					"-l\"SDWebImage\"",
					"-l\"sqlite3\"",
					"-framework",
					"\"CoreGraphics\"",
					"-framework",
					"\"Foundation\"",
					"-framework",
					"\"ImageIO\"",
					"-framework",
					"\"MobileCoreServices\"",
					"-framework",
					"\"QuartzCore\"",
					"-framework",
					"\"Security\"",
					"-framework",
					"\"SystemConfiguration\"",
					"-framework",
					"\"UIKit\"",
					"-lz",
				);
				PRODUCT_BUNDLE_IDENTIFIER = personal.aisleep.AIQAnniversary;
				PRODUCT_NAME = "$(TARGET_NAME)";
			};
			name = Debug;
		};
		AA69818A1F5803E000BCF551 /* Release */ = {
			isa = XCBuildConfiguration;
			baseConfigurationReference = F66CDCFBECC55C317BA7F13D /* Pods-Anniversary.release.xcconfig */;
			buildSettings = {
				ASSETCATALOG_COMPILER_APPICON_NAME = AppIcon;
				DEVELOPMENT_TEAM = 4L9LAJK4Y6;
				GCC_PRECOMPILE_PREFIX_HEADER = YES;
				GCC_PREFIX_HEADER = "Anniversary/Anniversary-PrefixHeader.pch";
				INFOPLIST_FILE = Anniversary/Info.plist;
				IPHONEOS_DEPLOYMENT_TARGET = 9.0;
				LD_RUNPATH_SEARCH_PATHS = "$(inherited) @executable_path/Frameworks";
				OTHER_LDFLAGS = (
					"$(inherited)",
					"-ObjC",
					"-l\"AFNetworking\"",
					"-l\"FMDB\"",
					"-l\"MBProgressHUD\"",
					"-l\"Masonry\"",
					"-l\"SDWebImage\"",
					"-l\"sqlite3\"",
					"-framework",
					"\"CoreGraphics\"",
					"-framework",
					"\"Foundation\"",
					"-framework",
					"\"ImageIO\"",
					"-framework",
					"\"MobileCoreServices\"",
					"-framework",
					"\"QuartzCore\"",
					"-framework",
					"\"Security\"",
					"-framework",
					"\"SystemConfiguration\"",
					"-framework",
					"\"UIKit\"",
					"-lz",
				);
				PRODUCT_BUNDLE_IDENTIFIER = personal.aisleep.AIQAnniversary;
				PRODUCT_NAME = "$(TARGET_NAME)";
			};
			name = Release;
		};
/* End XCBuildConfiguration section */

/* Begin XCConfigurationList section */
		AA69816C1F5803E000BCF551 /* Build configuration list for PBXProject "Anniversary" */ = {
			isa = XCConfigurationList;
			buildConfigurations = (
				AA6981861F5803E000BCF551 /* Debug */,
				AA6981871F5803E000BCF551 /* Release */,
			);
			defaultConfigurationIsVisible = 0;
			defaultConfigurationName = Release;
		};
		AA6981881F5803E000BCF551 /* Build configuration list for PBXNativeTarget "Anniversary" */ = {
			isa = XCConfigurationList;
			buildConfigurations = (
				AA6981891F5803E000BCF551 /* Debug */,
				AA69818A1F5803E000BCF551 /* Release */,
			);
			defaultConfigurationIsVisible = 0;
			defaultConfigurationName = Release;
		};
/* End XCConfigurationList section */
	};
	rootObject = AA6981691F5803E000BCF551 /* Project object */;
}
